
Microsoft Visual Studio Solution File, Format Version 12.00
# Visual Studio Version 17
VisualStudioVersion = 17.6.33723.286
MinimumVisualStudioVersion = 10.0.40219.1
Project("{FAE04EC0-301F-11D3-BF4B-00C04F79EFBC}") = "TelegramBot_11.6", "TelegramBot_11.6\TelegramBot_11.6.csproj", "{4579394A-9394-4308-ACF7-D26B4486627E}"
EndProject
Global
	GlobalSection(SolutionConfigurationPlatforms) = preSolution
		Debug|Any CPU = Debug|Any CPU
		Release|Any CPU = Release|Any CPU
	EndGlobalSection
	GlobalSection(ProjectConfigurationPlatforms) = postSolution
		{4579394A-9394-4308-ACF7-D26B4486627E}.Debug|Any CPU.ActiveCfg = Debug|Any CPU
		{4579394A-9394-4308-ACF7-D26B4486627E}.Debug|Any CPU.Build.0 = Debug|Any CPU
		{4579394A-9394-4308-ACF7-D26B4486627E}.Release|Any CPU.ActiveCfg = Release|Any CPU
		{4579394A-9394-4308-ACF7-D26B4486627E}.Release|Any CPU.Build.0 = Release|Any CPU
	EndGlobalSection
	GlobalSection(SolutionProperties) = preSolution
		HideSolutionNode = FALSE
	EndGlobalSection
	GlobalSection(ExtensibilityGlobals) = postSolution
		SolutionGuid = {414C1D09-4BB4-44FA-A097-6EEAB99A2EDC}
	EndGlobalSection
EndGlobal
